// !$*UTF8*$!
{
	archiveVersion = 1;
	classes = {
	};
	objectVersion = 56;
	objects = {

/* Begin PBXBuildFile section */
		FDCDBDEF2C98A1AD00391C35 /* Project07NotesAppeWatch Watch App.app in Embed Watch Content */ = {isa = PBXBuildFile; fileRef = FDCDBDEE2C98A1AD00391C35 /* Project07NotesAppeWatch Watch App.app */; settings = {ATTRIBUTES = (RemoveHeadersOnCopy, ); }; };
		FDCDBDF42C98A1AD00391C35 /* Project07NotesAppeWatchApp.swift in Sources */ = {isa = PBXBuildFile; fileRef = FDCDBDF32C98A1AD00391C35 /* Project07NotesAppeWatchApp.swift */; };
		FDCDBDF62C98A1AD00391C35 /* ContentView.swift in Sources */ = {isa = PBXBuildFile; fileRef = FDCDBDF52C98A1AD00391C35 /* ContentView.swift */; };
		FDCDBDF82C98A1AE00391C35 /* Assets.xcassets in Resources */ = {isa = PBXBuildFile; fileRef = FDCDBDF72C98A1AE00391C35 /* Assets.xcassets */; };
		FDCDBDFB2C98A1AE00391C35 /* Preview Assets.xcassets in Resources */ = {isa = PBXBuildFile; fileRef = FDCDBDFA2C98A1AE00391C35 /* Preview Assets.xcassets */; };
		FDCDBE082C98A44F00391C35 /* Note.swift in Sources */ = {isa = PBXBuildFile; fileRef = FDCDBE072C98A44F00391C35 /* Note.swift */; };
		FDCDBE0A2C98B57E00391C35 /* DetailView.swift in Sources */ = {isa = PBXBuildFile; fileRef = FDCDBE092C98B57E00391C35 /* DetailView.swift */; };
		FDCDBE0C2C98BAB200391C35 /* CreditsView.swift in Sources */ = {isa = PBXBuildFile; fileRef = FDCDBE0B2C98BAB200391C35 /* CreditsView.swift */; };
		FDCDBE0F2C98BB2900391C35 /* HeaderView.swift in Sources */ = {isa = PBXBuildFile; fileRef = FDCDBE0E2C98BB2900391C35 /* HeaderView.swift */; };
		FDCDBE112C98BF7A00391C35 /* SettingsView.swift in Sources */ = {isa = PBXBuildFile; fileRef = FDCDBE102C98BF7A00391C35 /* SettingsView.swift */; };
/* End PBXBuildFile section */

/* Begin PBXContainerItemProxy section */
		FDCDBDF02C98A1AD00391C35 /* PBXContainerItemProxy */ = {
			isa = PBXContainerItemProxy;
			containerPortal = FDCDBDE22C98A1AD00391C35 /* Project object */;
			proxyType = 1;
			remoteGlobalIDString = FDCDBDED2C98A1AD00391C35;
			remoteInfo = "Project07NotesAppeWatch Watch App";
		};
/* End PBXContainerItemProxy section */

/* Begin PBXCopyFilesBuildPhase section */
		FDCDBE012C98A1AE00391C35 /* Embed Watch Content */ = {
			isa = PBXCopyFilesBuildPhase;
			buildActionMask = 2147483647;
			dstPath = "$(CONTENTS_FOLDER_PATH)/Watch";
			dstSubfolderSpec = 16;
			files = (
				FDCDBDEF2C98A1AD00391C35 /* Project07NotesAppeWatch Watch App.app in Embed Watch Content */,
			);
			name = "Embed Watch Content";
			runOnlyForDeploymentPostprocessing = 0;
		};
/* End PBXCopyFilesBuildPhase section */

/* Begin PBXFileReference section */
		FDCDBDE82C98A1AD00391C35 /* Project07NotesAppeWatch.app */ = {isa = PBXFileReference; explicitFileType = wrapper.application; includeInIndex = 0; path = Project07NotesAppeWatch.app; sourceTree = BUILT_PRODUCTS_DIR; };
		FDCDBDEE2C98A1AD00391C35 /* Project07NotesAppeWatch Watch App.app */ = {isa = PBXFileReference; explicitFileType = wrapper.application; includeInIndex = 0; path = "Project07NotesAppeWatch Watch App.app"; sourceTree = BUILT_PRODUCTS_DIR; };
		FDCDBDF32C98A1AD00391C35 /* Project07NotesAppeWatchApp.swift */ = {isa = PBXFileReference; lastKnownFileType = sourcecode.swift; path = Project07NotesAppeWatchApp.swift; sourceTree = "<group>"; };
		FDCDBDF52C98A1AD00391C35 /* ContentView.swift */ = {isa = PBXFileReference; lastKnownFileType = sourcecode.swift; path = ContentView.swift; sourceTree = "<group>"; };
		FDCDBDF72C98A1AE00391C35 /* Assets.xcassets */ = {isa = PBXFileReference; lastKnownFileType = folder.assetcatalog; path = Assets.xcassets; sourceTree = "<group>"; };
		FDCDBDFA2C98A1AE00391C35 /* Preview Assets.xcassets */ = {isa = PBXFileReference; lastKnownFileType = folder.assetcatalog; path = "Preview Assets.xcassets"; sourceTree = "<group>"; };
		FDCDBE072C98A44F00391C35 /* Note.swift */ = {isa = PBXFileReference; lastKnownFileType = sourcecode.swift; path = Note.swift; sourceTree = "<group>"; };
		FDCDBE092C98B57E00391C35 /* DetailView.swift */ = {isa = PBXFileReference; lastKnownFileType = sourcecode.swift; path = DetailView.swift; sourceTree = "<group>"; };
		FDCDBE0B2C98BAB200391C35 /* CreditsView.swift */ = {isa = PBXFileReference; lastKnownFileType = sourcecode.swift; path = CreditsView.swift; sourceTree = "<group>"; };
		FDCDBE0E2C98BB2900391C35 /* HeaderView.swift */ = {isa = PBXFileReference; lastKnownFileType = sourcecode.swift; path = HeaderView.swift; sourceTree = "<group>"; };
		FDCDBE102C98BF7A00391C35 /* SettingsView.swift */ = {isa = PBXFileReference; lastKnownFileType = sourcecode.swift; path = SettingsView.swift; sourceTree = "<group>"; };
/* End PBXFileReference section */

/* Begin PBXFrameworksBuildPhase section */
		FDCDBDEB2C98A1AD00391C35 /* Frameworks */ = {
			isa = PBXFrameworksBuildPhase;
			buildActionMask = 2147483647;
			files = (
			);
			runOnlyForDeploymentPostprocessing = 0;
		};
/* End PBXFrameworksBuildPhase section */

/* Begin PBXGroup section */
		FDCDBDE12C98A1AD00391C35 = {
			isa = PBXGroup;
			children = (
				FDCDBDF22C98A1AD00391C35 /* Project07NotesAppeWatch Watch App */,
				FDCDBDE92C98A1AD00391C35 /* Products */,
			);
			sourceTree = "<group>";
		};
		FDCDBDE92C98A1AD00391C35 /* Products */ = {
			isa = PBXGroup;
			children = (
				FDCDBDE82C98A1AD00391C35 /* Project07NotesAppeWatch.app */,
				FDCDBDEE2C98A1AD00391C35 /* Project07NotesAppeWatch Watch App.app */,
			);
			name = Products;
			sourceTree = "<group>";
		};
		FDCDBDF22C98A1AD00391C35 /* Project07NotesAppeWatch Watch App */ = {
			isa = PBXGroup;
			children = (
				FDCDBDF32C98A1AD00391C35 /* Project07NotesAppeWatchApp.swift */,
				FDCDBE0D2C98BB1C00391C35 /* Component */,
				FDCDBE062C98A43500391C35 /* Model */,
				FDCDBE052C98A42000391C35 /* View */,
				FDCDBDF72C98A1AE00391C35 /* Assets.xcassets */,
				FDCDBDF92C98A1AE00391C35 /* Preview Content */,
			);
			path = "Project07NotesAppeWatch Watch App";
			sourceTree = "<group>";
		};
		FDCDBDF92C98A1AE00391C35 /* Preview Content */ = {
			isa = PBXGroup;
			children = (
				FDCDBDFA2C98A1AE00391C35 /* Preview Assets.xcassets */,
			);
			path = "Preview Content";
			sourceTree = "<group>";
		};
		FDCDBE052C98A42000391C35 /* View */ = {
			isa = PBXGroup;
			children = (
				FDCDBDF52C98A1AD00391C35 /* ContentView.swift */,
				FDCDBE092C98B57E00391C35 /* DetailView.swift */,
				FDCDBE0B2C98BAB200391C35 /* CreditsView.swift */,
				FDCDBE102C98BF7A00391C35 /* SettingsView.swift */,
			);
			path = View;
			sourceTree = "<group>";
		};
		FDCDBE062C98A43500391C35 /* Model */ = {
			isa = PBXGroup;
			children = (
				FDCDBE072C98A44F00391C35 /* Note.swift */,
			);
			path = Model;
			sourceTree = "<group>";
		};
		FDCDBE0D2C98BB1C00391C35 /* Component */ = {
			isa = PBXGroup;
			children = (
				FDCDBE0E2C98BB2900391C35 /* HeaderView.swift */,
			);
			path = Component;
			sourceTree = "<group>";
		};
/* End PBXGroup section */

/* Begin PBXNativeTarget section */
		FDCDBDE72C98A1AD00391C35 /* Project07NotesAppeWatch */ = {
			isa = PBXNativeTarget;
			buildConfigurationList = FDCDBE022C98A1AE00391C35 /* Build configuration list for PBXNativeTarget "Project07NotesAppeWatch" */;
			buildPhases = (
				FDCDBDE62C98A1AD00391C35 /* Resources */,
				FDCDBE012C98A1AE00391C35 /* Embed Watch Content */,
			);
			buildRules = (
			);
			dependencies = (
				FDCDBDF12C98A1AD00391C35 /* PBXTargetDependency */,
			);
			name = Project07NotesAppeWatch;
			productName = Project07NotesAppeWatch;
			productReference = FDCDBDE82C98A1AD00391C35 /* Project07NotesAppeWatch.app */;
			productType = "com.apple.product-type.application.watchapp2-container";
		};
		FDCDBDED2C98A1AD00391C35 /* Project07NotesAppeWatch Watch App */ = {
			isa = PBXNativeTarget;
			buildConfigurationList = FDCDBDFE2C98A1AE00391C35 /* Build configuration list for PBXNativeTarget "Project07NotesAppeWatch Watch App" */;
			buildPhases = (
				FDCDBDEA2C98A1AD00391C35 /* Sources */,
				FDCDBDEB2C98A1AD00391C35 /* Frameworks */,
				FDCDBDEC2C98A1AD00391C35 /* Resources */,
			);
			buildRules = (
			);
			dependencies = (
			);
			name = "Project07NotesAppeWatch Watch App";
			productName = "Project07NotesAppeWatch Watch App";
			productReference = FDCDBDEE2C98A1AD00391C35 /* Project07NotesAppeWatch Watch App.app */;
			productType = "com.apple.product-type.application";
		};
/* End PBXNativeTarget section */

/* Begin PBXProject section */
		FDCDBDE22C98A1AD00391C35 /* Project object */ = {
			isa = PBXProject;
			attributes = {
				BuildIndependentTargetsInParallel = 1;
				LastSwiftUpdateCheck = 1540;
				LastUpgradeCheck = 1540;
				TargetAttributes = {
					FDCDBDE72C98A1AD00391C35 = {
						CreatedOnToolsVersion = 15.4;
					};
					FDCDBDED2C98A1AD00391C35 = {
						CreatedOnToolsVersion = 15.4;
					};
				};
			};
			buildConfigurationList = FDCDBDE52C98A1AD00391C35 /* Build configuration list for PBXProject "Project07NotesAppeWatch" */;
			compatibilityVersion = "Xcode 14.0";
			developmentRegion = en;
			hasScannedForEncodings = 0;
			knownRegions = (
				en,
				Base,
			);
			mainGroup = FDCDBDE12C98A1AD00391C35;
			productRefGroup = FDCDBDE92C98A1AD00391C35 /* Products */;
			projectDirPath = "";
			projectRoot = "";
			targets = (
				FDCDBDE72C98A1AD00391C35 /* Project07NotesAppeWatch */,
				FDCDBDED2C98A1AD00391C35 /* Project07NotesAppeWatch Watch App */,
			);
		};
/* End PBXProject section */

/* Begin PBXResourcesBuildPhase section */
		FDCDBDE62C98A1AD00391C35 /* Resources */ = {
			isa = PBXResourcesBuildPhase;
			buildActionMask = 2147483647;
			files = (
			);
			runOnlyForDeploymentPostprocessing = 0;
		};
		FDCDBDEC2C98A1AD00391C35 /* Resources */ = {
			isa = PBXResourcesBuildPhase;
			buildActionMask = 2147483647;
			files = (
				FDCDBDFB2C98A1AE00391C35 /* Preview Assets.xcassets in Resources */,
				FDCDBDF82C98A1AE00391C35 /* Assets.xcassets in Resources */,
			);
			runOnlyForDeploymentPostprocessing = 0;
		};
/* End PBXResourcesBuildPhase section */

/* Begin PBXSourcesBuildPhase section */
		FDCDBDEA2C98A1AD00391C35 /* Sources */ = {
			isa = PBXSourcesBuildPhase;
			buildActionMask = 2147483647;
			files = (
				FDCDBE112C98BF7A00391C35 /* SettingsView.swift in Sources */,
				FDCDBDF62C98A1AD00391C35 /* ContentView.swift in Sources */,
				FDCDBE0F2C98BB2900391C35 /* HeaderView.swift in Sources */,
				FDCDBE0A2C98B57E00391C35 /* DetailView.swift in Sources */,
				FDCDBDF42C98A1AD00391C35 /* Project07NotesAppeWatchApp.swift in Sources */,
				FDCDBE0C2C98BAB200391C35 /* CreditsView.swift in Sources */,
				FDCDBE082C98A44F00391C35 /* Note.swift in Sources */,
			);
			runOnlyForDeploymentPostprocessing = 0;
		};
/* End PBXSourcesBuildPhase section */

/* Begin PBXTargetDependency section */
		FDCDBDF12C98A1AD00391C35 /* PBXTargetDependency */ = {
			isa = PBXTargetDependency;
			target = FDCDBDED2C98A1AD00391C35 /* Project07NotesAppeWatch Watch App */;
			targetProxy = FDCDBDF02C98A1AD00391C35 /* PBXContainerItemProxy */;
		};
/* End PBXTargetDependency section */

/* Begin XCBuildConfiguration section */
		FDCDBDFC2C98A1AE00391C35 /* Debug */ = {
			isa = XCBuildConfiguration;
			buildSettings = {
				ALWAYS_SEARCH_USER_PATHS = NO;
				ASSETCATALOG_COMPILER_GENERATE_SWIFT_ASSET_SYMBOL_EXTENSIONS = YES;
				CLANG_ANALYZER_NONNULL = YES;
				CLANG_ANALYZER_NUMBER_OBJECT_CONVERSION = YES_AGGRESSIVE;
				CLANG_CXX_LANGUAGE_STANDARD = "gnu++20";
				CLANG_ENABLE_MODULES = YES;
				CLANG_ENABLE_OBJC_ARC = YES;
				CLANG_ENABLE_OBJC_WEAK = YES;
				CLANG_WARN_BLOCK_CAPTURE_AUTORELEASING = YES;
				CLANG_WARN_BOOL_CONVERSION = YES;
				CLANG_WARN_COMMA = YES;
				CLANG_WARN_CONSTANT_CONVERSION = YES;
				CLANG_WARN_DEPRECATED_OBJC_IMPLEMENTATIONS = YES;
				CLANG_WARN_DIRECT_OBJC_ISA_USAGE = YES_ERROR;
				CLANG_WARN_DOCUMENTATION_COMMENTS = YES;
				CLANG_WARN_EMPTY_BODY = YES;
				CLANG_WARN_ENUM_CONVERSION = YES;
				CLANG_WARN_INFINITE_RECURSION = YES;
				CLANG_WARN_INT_CONVERSION = YES;
				CLANG_WARN_NON_LITERAL_NULL_CONVERSION = YES;
				CLANG_WARN_OBJC_IMPLICIT_RETAIN_SELF = YES;
				CLANG_WARN_OBJC_LITERAL_CONVERSION = YES;
				CLANG_WARN_OBJC_ROOT_CLASS = YES_ERROR;
				CLANG_WARN_QUOTED_INCLUDE_IN_FRAMEWORK_HEADER = YES;
				CLANG_WARN_RANGE_LOOP_ANALYSIS = YES;
				CLANG_WARN_STRICT_PROTOTYPES = YES;
				CLANG_WARN_SUSPICIOUS_MOVE = YES;
				CLANG_WARN_UNGUARDED_AVAILABILITY = YES_AGGRESSIVE;
				CLANG_WARN_UNREACHABLE_CODE = YES;
				CLANG_WARN__DUPLICATE_METHOD_MATCH = YES;
				COPY_PHASE_STRIP = NO;
				DEBUG_INFORMATION_FORMAT = dwarf;
				ENABLE_STRICT_OBJC_MSGSEND = YES;
				ENABLE_TESTABILITY = YES;
				ENABLE_USER_SCRIPT_SANDBOXING = YES;
				GCC_C_LANGUAGE_STANDARD = gnu17;
				GCC_DYNAMIC_NO_PIC = NO;
				GCC_NO_COMMON_BLOCKS = YES;
				GCC_OPTIMIZATION_LEVEL = 0;
				GCC_PREPROCESSOR_DEFINITIONS = (
					"DEBUG=1",
					"$(inherited)",
				);
				GCC_WARN_64_TO_32_BIT_CONVERSION = YES;
				GCC_WARN_ABOUT_RETURN_TYPE = YES_ERROR;
				GCC_WARN_UNDECLARED_SELECTOR = YES;
				GCC_WARN_UNINITIALIZED_AUTOS = YES_AGGRESSIVE;
				GCC_WARN_UNUSED_FUNCTION = YES;
				GCC_WARN_UNUSED_VARIABLE = YES;
				LOCALIZATION_PREFERS_STRING_CATALOGS = YES;
				MTL_ENABLE_DEBUG_INFO = INCLUDE_SOURCE;
				MTL_FAST_MATH = YES;
				ONLY_ACTIVE_ARCH = YES;
				SWIFT_ACTIVE_COMPILATION_CONDITIONS = "DEBUG $(inherited)";
				SWIFT_OPTIMIZATION_LEVEL = "-Onone";
			};
			name = Debug;
		};
		FDCDBDFD2C98A1AE00391C35 /* Release */ = {
			isa = XCBuildConfiguration;
			buildSettings = {
				ALWAYS_SEARCH_USER_PATHS = NO;
				ASSETCATALOG_COMPILER_GENERATE_SWIFT_ASSET_SYMBOL_EXTENSIONS = YES;
				CLANG_ANALYZER_NONNULL = YES;
				CLANG_ANALYZER_NUMBER_OBJECT_CONVERSION = YES_AGGRESSIVE;
				CLANG_CXX_LANGUAGE_STANDARD = "gnu++20";
				CLANG_ENABLE_MODULES = YES;
				CLANG_ENABLE_OBJC_ARC = YES;
				CLANG_ENABLE_OBJC_WEAK = YES;
				CLANG_WARN_BLOCK_CAPTURE_AUTORELEASING = YES;
				CLANG_WARN_BOOL_CONVERSION = YES;
				CLANG_WARN_COMMA = YES;
				CLANG_WARN_CONSTANT_CONVERSION = YES;
				CLANG_WARN_DEPRECATED_OBJC_IMPLEMENTATIONS = YES;
				CLANG_WARN_DIRECT_OBJC_ISA_USAGE = YES_ERROR;
				CLANG_WARN_DOCUMENTATION_COMMENTS = YES;
				CLANG_WARN_EMPTY_BODY = YES;
				CLANG_WARN_ENUM_CONVERSION = YES;
				CLANG_WARN_INFINITE_RECURSION = YES;
				CLANG_WARN_INT_CONVERSION = YES;
				CLANG_WARN_NON_LITERAL_NULL_CONVERSION = YES;
				CLANG_WARN_OBJC_IMPLICIT_RETAIN_SELF = YES;
				CLANG_WARN_OBJC_LITERAL_CONVERSION = YES;
				CLANG_WARN_OBJC_ROOT_CLASS = YES_ERROR;
				CLANG_WARN_QUOTED_INCLUDE_IN_FRAMEWORK_HEADER = YES;
				CLANG_WARN_RANGE_LOOP_ANALYSIS = YES;
				CLANG_WARN_STRICT_PROTOTYPES = YES;
				CLANG_WARN_SUSPICIOUS_MOVE = YES;
				CLANG_WARN_UNGUARDED_AVAILABILITY = YES_AGGRESSIVE;
				CLANG_WARN_UNREACHABLE_CODE = YES;
				CLANG_WARN__DUPLICATE_METHOD_MATCH = YES;
				COPY_PHASE_STRIP = NO;
				DEBUG_INFORMATION_FORMAT = "dwarf-with-dsym";
				ENABLE_NS_ASSERTIONS = NO;
				ENABLE_STRICT_OBJC_MSGSEND = YES;
				ENABLE_USER_SCRIPT_SANDBOXING = YES;
				GCC_C_LANGUAGE_STANDARD = gnu17;
				GCC_NO_COMMON_BLOCKS = YES;
				GCC_WARN_64_TO_32_BIT_CONVERSION = YES;
				GCC_WARN_ABOUT_RETURN_TYPE = YES_ERROR;
				GCC_WARN_UNDECLARED_SELECTOR = YES;
				GCC_WARN_UNINITIALIZED_AUTOS = YES_AGGRESSIVE;
				GCC_WARN_UNUSED_FUNCTION = YES;
				GCC_WARN_UNUSED_VARIABLE = YES;
				LOCALIZATION_PREFERS_STRING_CATALOGS = YES;
				MTL_ENABLE_DEBUG_INFO = NO;
				MTL_FAST_MATH = YES;
				SWIFT_COMPILATION_MODE = wholemodule;
			};
			name = Release;
		};
		FDCDBDFF2C98A1AE00391C35 /* Debug */ = {
			isa = XCBuildConfiguration;
			buildSettings = {
				ASSETCATALOG_COMPILER_APPICON_NAME = AppIcon;
				ASSETCATALOG_COMPILER_GLOBAL_ACCENT_COLOR_NAME = AccentColor;
				CODE_SIGN_STYLE = Automatic;
				CURRENT_PROJECT_VERSION = 1;
				DEVELOPMENT_ASSET_PATHS = "\"Project07NotesAppeWatch Watch App/Preview Content\"";
				DEVELOPMENT_TEAM = 7LRTUML294;
				ENABLE_PREVIEWS = YES;
				GENERATE_INFOPLIST_FILE = YES;
				INFOPLIST_KEY_CFBundleDisplayName = Project07NotesAppeWatch;
				INFOPLIST_KEY_UISupportedInterfaceOrientations = "UIInterfaceOrientationPortrait UIInterfaceOrientationPortraitUpsideDown";
				INFOPLIST_KEY_WKWatchOnly = YES;
				LD_RUNPATH_SEARCH_PATHS = (
					"$(inherited)",
					"@executable_path/Frameworks",
				);
				MARKETING_VERSION = 1.0;
				PRODUCT_BUNDLE_IDENTIFIER = kayqueDosAnjos.Project07NotesAppeWatch.watchkitapp;
				PRODUCT_NAME = "$(TARGET_NAME)";
				SDKROOT = watchos;
				SKIP_INSTALL = YES;
				SWIFT_EMIT_LOC_STRINGS = YES;
				SWIFT_VERSION = 5.0;
				TARGETED_DEVICE_FAMILY = 4;
				WATCHOS_DEPLOYMENT_TARGET = 10.5;
			};
			name = Debug;
		};
		FDCDBE002C98A1AE00391C35 /* Release */ = {
			isa = XCBuildConfiguration;
			buildSettings = {
				ASSETCATALOG_COMPILER_APPICON_NAME = AppIcon;
				ASSETCATALOG_COMPILER_GLOBAL_ACCENT_COLOR_NAME = AccentColor;
				CODE_SIGN_STYLE = Automatic;
				CURRENT_PROJECT_VERSION = 1;
				DEVELOPMENT_ASSET_PATHS = "\"Project07NotesAppeWatch Watch App/Preview Content\"";
				DEVELOPMENT_TEAM = 7LRTUML294;
				ENABLE_PREVIEWS = YES;
				GENERATE_INFOPLIST_FILE = YES;
				INFOPLIST_KEY_CFBundleDisplayName = Project07NotesAppeWatch;
				INFOPLIST_KEY_UISupportedInterfaceOrientations = "UIInterfaceOrientationPortrait UIInterfaceOrientationPortraitUpsideDown";
				INFOPLIST_KEY_WKWatchOnly = YES;
				LD_RUNPATH_SEARCH_PATHS = (
					"$(inherited)",
					"@executable_path/Frameworks",
				);
				MARKETING_VERSION = 1.0;
				PRODUCT_BUNDLE_IDENTIFIER = kayqueDosAnjos.Project07NotesAppeWatch.watchkitapp;
				PRODUCT_NAME = "$(TARGET_NAME)";
				SDKROOT = watchos;
				SKIP_INSTALL = YES;
				SWIFT_EMIT_LOC_STRINGS = YES;
				SWIFT_VERSION = 5.0;
				TARGETED_DEVICE_FAMILY = 4;
				VALIDATE_PRODUCT = YES;
				WATCHOS_DEPLOYMENT_TARGET = 10.5;
			};
			name = Release;
		};
		FDCDBE032C98A1AE00391C35 /* Debug */ = {
			isa = XCBuildConfiguration;
			buildSettings = {
				ALWAYS_EMBED_SWIFT_STANDARD_LIBRARIES = YES;
				CODE_SIGN_STYLE = Automatic;
				CURRENT_PROJECT_VERSION = 1;
				DEVELOPMENT_TEAM = 7LRTUML294;
				INFOPLIST_KEY_CFBundleDisplayName = Project07NotesAppeWatch;
				MARKETING_VERSION = 1.0;
				PRODUCT_BUNDLE_IDENTIFIER = kayqueDosAnjos.Project07NotesAppeWatch;
				PRODUCT_NAME = "$(TARGET_NAME)";
				SDKROOT = iphoneos;
				SWIFT_VERSION = 5.0;
			};
			name = Debug;
		};
		FDCDBE042C98A1AE00391C35 /* Release */ = {
			isa = XCBuildConfiguration;
			buildSettings = {
				ALWAYS_EMBED_SWIFT_STANDARD_LIBRARIES = YES;
				CODE_SIGN_STYLE = Automatic;
				CURRENT_PROJECT_VERSION = 1;
				DEVELOPMENT_TEAM = 7LRTUML294;
				INFOPLIST_KEY_CFBundleDisplayName = Project07NotesAppeWatch;
				MARKETING_VERSION = 1.0;
				PRODUCT_BUNDLE_IDENTIFIER = kayqueDosAnjos.Project07NotesAppeWatch;
				PRODUCT_NAME = "$(TARGET_NAME)";
				SDKROOT = iphoneos;
				SWIFT_VERSION = 5.0;
				VALIDATE_PRODUCT = YES;
			};
			name = Release;
		};
/* End XCBuildConfiguration section */

/* Begin XCConfigurationList section */
		FDCDBDE52C98A1AD00391C35 /* Build configuration list for PBXProject "Project07NotesAppeWatch" */ = {
			isa = XCConfigurationList;
			buildConfigurations = (
				FDCDBDFC2C98A1AE00391C35 /* Debug */,
				FDCDBDFD2C98A1AE00391C35 /* Release */,
			);
			defaultConfigurationIsVisible = 0;
			defaultConfigurationName = Release;
		};
		FDCDBDFE2C98A1AE00391C35 /* Build configuration list for PBXNativeTarget "Project07NotesAppeWatch Watch App" */ = {
			isa = XCConfigurationList;
			buildConfigurations = (
				FDCDBDFF2C98A1AE00391C35 /* Debug */,
				FDCDBE002C98A1AE00391C35 /* Release */,
			);
			defaultConfigurationIsVisible = 0;
			defaultConfigurationName = Release;
		};
		FDCDBE022C98A1AE00391C35 /* Build configuration list for PBXNativeTarget "Project07NotesAppeWatch" */ = {
			isa = XCConfigurationList;
			buildConfigurations = (
				FDCDBE032C98A1AE00391C35 /* Debug */,
				FDCDBE042C98A1AE00391C35 /* Release */,
			);
			defaultConfigurationIsVisible = 0;
			defaultConfigurationName = Release;
		};
/* End XCConfigurationList section */
	};
	rootObject = FDCDBDE22C98A1AD00391C35 /* Project object */;
}
